
Microsoft Visual Studio Solution File, Format Version 12.00
# Visual Studio Version 16
VisualStudioVersion = 16.0.31624.102
MinimumVisualStudioVersion = 10.0.40219.1
Project("{FAE04EC0-301F-11D3-BF4B-00C04F79EFBC}") = "ApplicationDomainExample", "ApplicationDomainExample\ApplicationDomainExample.csproj", "{53BB44B4-438D-471F-B460-8C0754055A6E}"
EndProject
Global
	GlobalSection(SolutionConfigurationPlatforms) = preSolution
		Debug|Any CPU = Debug|Any CPU
		Release|Any CPU = Release|Any CPU
	EndGlobalSection
	GlobalSection(ProjectConfigurationPlatforms) = postSolution
		{53BB44B4-438D-471F-B460-8C0754055A6E}.Debug|Any CPU.ActiveCfg = Debug|Any CPU
		{53BB44B4-438D-471F-B460-8C0754055A6E}.Debug|Any CPU.Build.0 = Debug|Any CPU
		{53BB44B4-438D-471F-B460-8C0754055A6E}.Release|Any CPU.ActiveCfg = Release|Any CPU
		{53BB44B4-438D-471F-B460-8C0754055A6E}.Release|Any CPU.Build.0 = Release|Any CPU
	EndGlobalSection
	GlobalSection(SolutionProperties) = preSolution
		HideSolutionNode = FALSE
	EndGlobalSection
	GlobalSection(ExtensibilityGlobals) = postSolution
		SolutionGuid = {C902FB0E-2023-478F-B618-BFB2BE802648}
	EndGlobalSection
EndGlobal
